// !$*UTF8*$!
{
	archiveVersion = 1;
	classes = {
	};
	objectVersion = 50;
	objects = {

/* Begin PBXBuildFile section */
		4279E6A0BFADB07EEEB9124A /* Pods_Github_Browser.framework in Frameworks */ = {isa = PBXBuildFile; fileRef = B603FFA693745F9535EA6E28 /* Pods_Github_Browser.framework */; };
		592F80372172756800E4CF7B /* LoadingView.storyboard in Resources */ = {isa = PBXBuildFile; fileRef = 592F80392172756800E4CF7B /* LoadingView.storyboard */; };
		59A35F0B2172299E00225E38 /* XCUIElement+Extension.swift in Sources */ = {isa = PBXBuildFile; fileRef = 59A35F0A2172299E00225E38 /* XCUIElement+Extension.swift */; };
		59A35F0E217238BA00225E38 /* XCTestCase+Extension.swift in Sources */ = {isa = PBXBuildFile; fileRef = 59A35F0D217238BA00225E38 /* XCTestCase+Extension.swift */; };
		59DAE8F521714B45001796C6 /* APIWorker.swift in Sources */ = {isa = PBXBuildFile; fileRef = 59DAE8F421714B45001796C6 /* APIWorker.swift */; };
		59DAE8F721714B6D001796C6 /* RequestResultType.swift in Sources */ = {isa = PBXBuildFile; fileRef = 59DAE8F621714B6D001796C6 /* RequestResultType.swift */; };
		59DAE8F921714B87001796C6 /* RequestError.swift in Sources */ = {isa = PBXBuildFile; fileRef = 59DAE8F821714B87001796C6 /* RequestError.swift */; };
		59DAE8FB21714BAC001796C6 /* String+Extension.swift in Sources */ = {isa = PBXBuildFile; fileRef = 59DAE8FA21714BAC001796C6 /* String+Extension.swift */; };
		59DAE8FD21714C71001796C6 /* URLUtil.swift in Sources */ = {isa = PBXBuildFile; fileRef = 59DAE8FC21714C71001796C6 /* URLUtil.swift */; };
		59DAE8FF21714E39001796C6 /* Repository.swift in Sources */ = {isa = PBXBuildFile; fileRef = 59DAE8FE21714E39001796C6 /* Repository.swift */; };
		59DAE90121715131001796C6 /* SearchRepositoriesPresenter.swift in Sources */ = {isa = PBXBuildFile; fileRef = 59DAE90021715131001796C6 /* SearchRepositoriesPresenter.swift */; };
		59DAE90321715140001796C6 /* SearchRepositoriesWorker.swift in Sources */ = {isa = PBXBuildFile; fileRef = 59DAE90221715140001796C6 /* SearchRepositoriesWorker.swift */; };
		59DAE9052171514F001796C6 /* SearchRepositoriesRouter.swift in Sources */ = {isa = PBXBuildFile; fileRef = 59DAE9042171514F001796C6 /* SearchRepositoriesRouter.swift */; };
		59DAE90721715161001796C6 /* SearchRepositoriesModels.swift in Sources */ = {isa = PBXBuildFile; fileRef = 59DAE90621715161001796C6 /* SearchRepositoriesModels.swift */; };
		59DAE90921715185001796C6 /* SearchRepositoriesViewController.swift in Sources */ = {isa = PBXBuildFile; fileRef = 59DAE90821715185001796C6 /* SearchRepositoriesViewController.swift */; };
		59DAE90B21715195001796C6 /* SearchRepositoriesInteractor.swift in Sources */ = {isa = PBXBuildFile; fileRef = 59DAE90A21715195001796C6 /* SearchRepositoriesInteractor.swift */; };
		59DAE90D217151A6001796C6 /* SearchRepositories.storyboard in Resources */ = {isa = PBXBuildFile; fileRef = 59DAE90C217151A6001796C6 /* SearchRepositories.storyboard */; };
		59DAE91021715991001796C6 /* SearchRepositoriesTableViewCell.swift in Sources */ = {isa = PBXBuildFile; fileRef = 59DAE90E21715991001796C6 /* SearchRepositoriesTableViewCell.swift */; };
		59DAE91121715991001796C6 /* SearchRepositoriesTableViewCell.xib in Resources */ = {isa = PBXBuildFile; fileRef = 59DAE90F21715991001796C6 /* SearchRepositoriesTableViewCell.xib */; };
		59DAE91321716657001796C6 /* UIAlertController+Extension.swift in Sources */ = {isa = PBXBuildFile; fileRef = 59DAE91221716657001796C6 /* UIAlertController+Extension.swift */; };
		59DAE918217166C6001796C6 /* SearchRepositoriesAPI.swift in Sources */ = {isa = PBXBuildFile; fileRef = 59DAE917217166C6001796C6 /* SearchRepositoriesAPI.swift */; };
		59DAE91A217169D8001796C6 /* UIViewController+Extension.swift in Sources */ = {isa = PBXBuildFile; fileRef = 59DAE919217169D8001796C6 /* UIViewController+Extension.swift */; };
		59DAE91D21716A28001796C6 /* LoadingViewController.swift in Sources */ = {isa = PBXBuildFile; fileRef = 59DAE91C21716A28001796C6 /* LoadingViewController.swift */; };
		59DAE925217175E7001796C6 /* EmptyTableViewCell.swift in Sources */ = {isa = PBXBuildFile; fileRef = 59DAE923217175E7001796C6 /* EmptyTableViewCell.swift */; };
		59DAE926217175E7001796C6 /* EmptyTableViewCell.xib in Resources */ = {isa = PBXBuildFile; fileRef = 59DAE924217175E7001796C6 /* EmptyTableViewCell.xib */; };
		59DAE92921717D63001796C6 /* Localizable.strings in Resources */ = {isa = PBXBuildFile; fileRef = 59DAE92B21717D63001796C6 /* Localizable.strings */; };
		59DAE92F217204E3001796C6 /* DetailRepositoryPresenter.swift in Sources */ = {isa = PBXBuildFile; fileRef = 59DAE92E217204E3001796C6 /* DetailRepositoryPresenter.swift */; };
		59DAE93321720507001796C6 /* DetailRepositoryRouter.swift in Sources */ = {isa = PBXBuildFile; fileRef = 59DAE93221720507001796C6 /* DetailRepositoryRouter.swift */; };
		59DAE93521720510001796C6 /* DetailRepositoryModels.swift in Sources */ = {isa = PBXBuildFile; fileRef = 59DAE93421720510001796C6 /* DetailRepositoryModels.swift */; };
		59DAE9372172051D001796C6 /* DetailRepositoryViewController.swift in Sources */ = {isa = PBXBuildFile; fileRef = 59DAE9362172051D001796C6 /* DetailRepositoryViewController.swift */; };
		59DAE93921720526001796C6 /* DetailRepositoryInteractor.swift in Sources */ = {isa = PBXBuildFile; fileRef = 59DAE93821720526001796C6 /* DetailRepositoryInteractor.swift */; };
		59DAE93B2172052E001796C6 /* DetailRepository.storyboard in Resources */ = {isa = PBXBuildFile; fileRef = 59DAE93A2172052E001796C6 /* DetailRepository.storyboard */; };
		59DAE93D21720771001796C6 /* Readme.swift in Sources */ = {isa = PBXBuildFile; fileRef = 59DAE93C21720771001796C6 /* Readme.swift */; };
		59DAE93F21720B52001796C6 /* DetailRepositoryAPI.swift in Sources */ = {isa = PBXBuildFile; fileRef = 59DAE93E21720B52001796C6 /* DetailRepositoryAPI.swift */; };
		59DAE94121721761001796C6 /* DetailRepositoryWorker.swift in Sources */ = {isa = PBXBuildFile; fileRef = 59DAE94021721760001796C6 /* DetailRepositoryWorker.swift */; };
		ACB5CE3A373CCEB21BEE39BA /* Pods_Github_BrowserUITests.framework in Frameworks */ = {isa = PBXBuildFile; fileRef = F790905B9497F0BDCB1BCB99 /* Pods_Github_BrowserUITests.framework */; };
		DDEA69C6216F7C4D004BED2A /* AppDelegate.swift in Sources */ = {isa = PBXBuildFile; fileRef = DDEA69C5216F7C4D004BED2A /* AppDelegate.swift */; };
		DDEA69CD216F7C4F004BED2A /* Assets.xcassets in Resources */ = {isa = PBXBuildFile; fileRef = DDEA69CC216F7C4F004BED2A /* Assets.xcassets */; };
		DDEA69D0216F7C4F004BED2A /* LaunchScreen.storyboard in Resources */ = {isa = PBXBuildFile; fileRef = DDEA69CE216F7C4F004BED2A /* LaunchScreen.storyboard */; };
		DDEA69DB216F7C4F004BED2A /* Github_BrowserTests.swift in Sources */ = {isa = PBXBuildFile; fileRef = DDEA69DA216F7C4F004BED2A /* Github_BrowserTests.swift */; };
		DDEA69E6216F7C4F004BED2A /* Github_BrowserUITests.swift in Sources */ = {isa = PBXBuildFile; fileRef = DDEA69E5216F7C4F004BED2A /* Github_BrowserUITests.swift */; };
		E13F4D26BCE81B0C3EA93778 /* Pods_Github_BrowserTests.framework in Frameworks */ = {isa = PBXBuildFile; fileRef = 57B9A8F05B732868B7175995 /* Pods_Github_BrowserTests.framework */; };
/* End PBXBuildFile section */

/* Begin PBXContainerItemProxy section */
		DDEA69D7216F7C4F004BED2A /* PBXContainerItemProxy */ = {
			isa = PBXContainerItemProxy;
			containerPortal = DDEA69BA216F7C4D004BED2A /* Project object */;
			proxyType = 1;
			remoteGlobalIDString = DDEA69C1216F7C4D004BED2A;
			remoteInfo = "Github Browser";
		};
		DDEA69E2216F7C4F004BED2A /* PBXContainerItemProxy */ = {
			isa = PBXContainerItemProxy;
			containerPortal = DDEA69BA216F7C4D004BED2A /* Project object */;
			proxyType = 1;
			remoteGlobalIDString = DDEA69C1216F7C4D004BED2A;
			remoteInfo = "Github Browser";
		};
/* End PBXContainerItemProxy section */

/* Begin PBXFileReference section */
		198E2DC0E579243D4BAAF52E /* Pods-Github Browser.release.xcconfig */ = {isa = PBXFileReference; includeInIndex = 1; lastKnownFileType = text.xcconfig; name = "Pods-Github Browser.release.xcconfig"; path = "Pods/Target Support Files/Pods-Github Browser/Pods-Github Browser.release.xcconfig"; sourceTree = "<group>"; };
		24E733312968DDC15D8FD9A4 /* Pods-Github BrowserUITests.debug.xcconfig */ = {isa = PBXFileReference; includeInIndex = 1; lastKnownFileType = text.xcconfig; name = "Pods-Github BrowserUITests.debug.xcconfig"; path = "Pods/Target Support Files/Pods-Github BrowserUITests/Pods-Github BrowserUITests.debug.xcconfig"; sourceTree = "<group>"; };
		2F92A5EC54A726CE784E9958 /* Pods-Github BrowserTests.debug.xcconfig */ = {isa = PBXFileReference; includeInIndex = 1; lastKnownFileType = text.xcconfig; name = "Pods-Github BrowserTests.debug.xcconfig"; path = "Pods/Target Support Files/Pods-Github BrowserTests/Pods-Github BrowserTests.debug.xcconfig"; sourceTree = "<group>"; };
		3A111FCC51D8BAC9B83F5ECC /* Pods-Github BrowserUITests.release.xcconfig */ = {isa = PBXFileReference; includeInIndex = 1; lastKnownFileType = text.xcconfig; name = "Pods-Github BrowserUITests.release.xcconfig"; path = "Pods/Target Support Files/Pods-Github BrowserUITests/Pods-Github BrowserUITests.release.xcconfig"; sourceTree = "<group>"; };
		57B9A8F05B732868B7175995 /* Pods_Github_BrowserTests.framework */ = {isa = PBXFileReference; explicitFileType = wrapper.framework; includeInIndex = 0; path = Pods_Github_BrowserTests.framework; sourceTree = BUILT_PRODUCTS_DIR; };
		592F80382172756800E4CF7B /* Base */ = {isa = PBXFileReference; lastKnownFileType = file.storyboard; name = Base; path = Base.lproj/LoadingView.storyboard; sourceTree = "<group>"; };
		592F803B2172756A00E4CF7B /* en */ = {isa = PBXFileReference; lastKnownFileType = text.plist.strings; name = en; path = en.lproj/LoadingView.strings; sourceTree = "<group>"; };
		592F803D2172756B00E4CF7B /* pt-BR */ = {isa = PBXFileReference; lastKnownFileType = text.plist.strings; name = "pt-BR"; path = "pt-BR.lproj/LoadingView.strings"; sourceTree = "<group>"; };
		59A35F0A2172299E00225E38 /* XCUIElement+Extension.swift */ = {isa = PBXFileReference; lastKnownFileType = sourcecode.swift; path = "XCUIElement+Extension.swift"; sourceTree = "<group>"; };
		59A35F0D217238BA00225E38 /* XCTestCase+Extension.swift */ = {isa = PBXFileReference; lastKnownFileType = sourcecode.swift; path = "XCTestCase+Extension.swift"; sourceTree = "<group>"; };
		59DAE8F421714B45001796C6 /* APIWorker.swift */ = {isa = PBXFileReference; lastKnownFileType = sourcecode.swift; path = APIWorker.swift; sourceTree = "<group>"; };
		59DAE8F621714B6D001796C6 /* RequestResultType.swift */ = {isa = PBXFileReference; lastKnownFileType = sourcecode.swift; path = RequestResultType.swift; sourceTree = "<group>"; };
		59DAE8F821714B87001796C6 /* RequestError.swift */ = {isa = PBXFileReference; lastKnownFileType = sourcecode.swift; path = RequestError.swift; sourceTree = "<group>"; };
		59DAE8FA21714BAC001796C6 /* String+Extension.swift */ = {isa = PBXFileReference; lastKnownFileType = sourcecode.swift; path = "String+Extension.swift"; sourceTree = "<group>"; };
		59DAE8FC21714C71001796C6 /* URLUtil.swift */ = {isa = PBXFileReference; lastKnownFileType = sourcecode.swift; path = URLUtil.swift; sourceTree = "<group>"; };
		59DAE8FE21714E39001796C6 /* Repository.swift */ = {isa = PBXFileReference; lastKnownFileType = sourcecode.swift; path = Repository.swift; sourceTree = "<group>"; };
		59DAE90021715131001796C6 /* SearchRepositoriesPresenter.swift */ = {isa = PBXFileReference; lastKnownFileType = sourcecode.swift; path = SearchRepositoriesPresenter.swift; sourceTree = "<group>"; };
		59DAE90221715140001796C6 /* SearchRepositoriesWorker.swift */ = {isa = PBXFileReference; lastKnownFileType = sourcecode.swift; path = SearchRepositoriesWorker.swift; sourceTree = "<group>"; };
		59DAE9042171514F001796C6 /* SearchRepositoriesRouter.swift */ = {isa = PBXFileReference; lastKnownFileType = sourcecode.swift; path = SearchRepositoriesRouter.swift; sourceTree = "<group>"; };
		59DAE90621715161001796C6 /* SearchRepositoriesModels.swift */ = {isa = PBXFileReference; lastKnownFileType = sourcecode.swift; path = SearchRepositoriesModels.swift; sourceTree = "<group>"; };
		59DAE90821715185001796C6 /* SearchRepositoriesViewController.swift */ = {isa = PBXFileReference; lastKnownFileType = sourcecode.swift; path = SearchRepositoriesViewController.swift; sourceTree = "<group>"; };
		59DAE90A21715195001796C6 /* SearchRepositoriesInteractor.swift */ = {isa = PBXFileReference; lastKnownFileType = sourcecode.swift; path = SearchRepositoriesInteractor.swift; sourceTree = "<group>"; };
		59DAE90C217151A6001796C6 /* SearchRepositories.storyboard */ = {isa = PBXFileReference; lastKnownFileType = file.storyboard; path = SearchRepositories.storyboard; sourceTree = "<group>"; };
		59DAE90E21715991001796C6 /* SearchRepositoriesTableViewCell.swift */ = {isa = PBXFileReference; lastKnownFileType = sourcecode.swift; path = SearchRepositoriesTableViewCell.swift; sourceTree = "<group>"; };
		59DAE90F21715991001796C6 /* SearchRepositoriesTableViewCell.xib */ = {isa = PBXFileReference; lastKnownFileType = file.xib; path = SearchRepositoriesTableViewCell.xib; sourceTree = "<group>"; };
		59DAE91221716657001796C6 /* UIAlertController+Extension.swift */ = {isa = PBXFileReference; lastKnownFileType = sourcecode.swift; path = "UIAlertController+Extension.swift"; sourceTree = "<group>"; };
		59DAE917217166C6001796C6 /* SearchRepositoriesAPI.swift */ = {isa = PBXFileReference; lastKnownFileType = sourcecode.swift; path = SearchRepositoriesAPI.swift; sourceTree = "<group>"; };
		59DAE919217169D8001796C6 /* UIViewController+Extension.swift */ = {isa = PBXFileReference; lastKnownFileType = sourcecode.swift; path = "UIViewController+Extension.swift"; sourceTree = "<group>"; };
		59DAE91C21716A28001796C6 /* LoadingViewController.swift */ = {isa = PBXFileReference; lastKnownFileType = sourcecode.swift; path = LoadingViewController.swift; sourceTree = "<group>"; };
		59DAE923217175E7001796C6 /* EmptyTableViewCell.swift */ = {isa = PBXFileReference; lastKnownFileType = sourcecode.swift; path = EmptyTableViewCell.swift; sourceTree = "<group>"; };
		59DAE924217175E7001796C6 /* EmptyTableViewCell.xib */ = {isa = PBXFileReference; lastKnownFileType = file.xib; path = EmptyTableViewCell.xib; sourceTree = "<group>"; };
		59DAE92A21717D63001796C6 /* en */ = {isa = PBXFileReference; lastKnownFileType = text.plist.strings; name = en; path = en.lproj/Localizable.strings; sourceTree = "<group>"; };
		59DAE92C21717D73001796C6 /* pt-BR */ = {isa = PBXFileReference; lastKnownFileType = text.plist.strings; name = "pt-BR"; path = "pt-BR.lproj/LaunchScreen.strings"; sourceTree = "<group>"; };
		59DAE92D21717D74001796C6 /* pt-BR */ = {isa = PBXFileReference; lastKnownFileType = text.plist.strings; name = "pt-BR"; path = "pt-BR.lproj/Localizable.strings"; sourceTree = "<group>"; };
		59DAE92E217204E3001796C6 /* DetailRepositoryPresenter.swift */ = {isa = PBXFileReference; lastKnownFileType = sourcecode.swift; path = DetailRepositoryPresenter.swift; sourceTree = "<group>"; };
		59DAE93221720507001796C6 /* DetailRepositoryRouter.swift */ = {isa = PBXFileReference; lastKnownFileType = sourcecode.swift; path = DetailRepositoryRouter.swift; sourceTree = "<group>"; };
		59DAE93421720510001796C6 /* DetailRepositoryModels.swift */ = {isa = PBXFileReference; lastKnownFileType = sourcecode.swift; path = DetailRepositoryModels.swift; sourceTree = "<group>"; };
		59DAE9362172051D001796C6 /* DetailRepositoryViewController.swift */ = {isa = PBXFileReference; lastKnownFileType = sourcecode.swift; path = DetailRepositoryViewController.swift; sourceTree = "<group>"; };
		59DAE93821720526001796C6 /* DetailRepositoryInteractor.swift */ = {isa = PBXFileReference; lastKnownFileType = sourcecode.swift; path = DetailRepositoryInteractor.swift; sourceTree = "<group>"; };
		59DAE93A2172052E001796C6 /* DetailRepository.storyboard */ = {isa = PBXFileReference; lastKnownFileType = file.storyboard; path = DetailRepository.storyboard; sourceTree = "<group>"; };
		59DAE93C21720771001796C6 /* Readme.swift */ = {isa = PBXFileReference; lastKnownFileType = sourcecode.swift; path = Readme.swift; sourceTree = "<group>"; };
		59DAE93E21720B52001796C6 /* DetailRepositoryAPI.swift */ = {isa = PBXFileReference; lastKnownFileType = sourcecode.swift; path = DetailRepositoryAPI.swift; sourceTree = "<group>"; };
		59DAE94021721760001796C6 /* DetailRepositoryWorker.swift */ = {isa = PBXFileReference; lastKnownFileType = sourcecode.swift; name = DetailRepositoryWorker.swift; path = "/Users/giogus/Github-Browser/Github Browser/Github Browser/Workers/DetailRepositoryWorker.swift"; sourceTree = "<absolute>"; };
		62221685DA323468DB7B0085 /* Pods-Github Browser.debug.xcconfig */ = {isa = PBXFileReference; includeInIndex = 1; lastKnownFileType = text.xcconfig; name = "Pods-Github Browser.debug.xcconfig"; path = "Pods/Target Support Files/Pods-Github Browser/Pods-Github Browser.debug.xcconfig"; sourceTree = "<group>"; };
		B603FFA693745F9535EA6E28 /* Pods_Github_Browser.framework */ = {isa = PBXFileReference; explicitFileType = wrapper.framework; includeInIndex = 0; path = Pods_Github_Browser.framework; sourceTree = BUILT_PRODUCTS_DIR; };
		DDEA69C2216F7C4D004BED2A /* Github Browser.app */ = {isa = PBXFileReference; explicitFileType = wrapper.application; includeInIndex = 0; path = "Github Browser.app"; sourceTree = BUILT_PRODUCTS_DIR; };
		DDEA69C5216F7C4D004BED2A /* AppDelegate.swift */ = {isa = PBXFileReference; lastKnownFileType = sourcecode.swift; path = AppDelegate.swift; sourceTree = "<group>"; };
		DDEA69CC216F7C4F004BED2A /* Assets.xcassets */ = {isa = PBXFileReference; lastKnownFileType = folder.assetcatalog; path = Assets.xcassets; sourceTree = "<group>"; };
		DDEA69CF216F7C4F004BED2A /* Base */ = {isa = PBXFileReference; lastKnownFileType = file.storyboard; name = Base; path = Base.lproj/LaunchScreen.storyboard; sourceTree = "<group>"; };
		DDEA69D1216F7C4F004BED2A /* Info.plist */ = {isa = PBXFileReference; lastKnownFileType = text.plist.xml; path = Info.plist; sourceTree = "<group>"; };
		DDEA69D6216F7C4F004BED2A /* Github BrowserTests.xctest */ = {isa = PBXFileReference; explicitFileType = wrapper.cfbundle; includeInIndex = 0; path = "Github BrowserTests.xctest"; sourceTree = BUILT_PRODUCTS_DIR; };
		DDEA69DA216F7C4F004BED2A /* Github_BrowserTests.swift */ = {isa = PBXFileReference; lastKnownFileType = sourcecode.swift; path = Github_BrowserTests.swift; sourceTree = "<group>"; };
		DDEA69DC216F7C4F004BED2A /* Info.plist */ = {isa = PBXFileReference; lastKnownFileType = text.plist.xml; path = Info.plist; sourceTree = "<group>"; };
		DDEA69E1216F7C4F004BED2A /* Github BrowserUITests.xctest */ = {isa = PBXFileReference; explicitFileType = wrapper.cfbundle; includeInIndex = 0; path = "Github BrowserUITests.xctest"; sourceTree = BUILT_PRODUCTS_DIR; };
		DDEA69E5216F7C4F004BED2A /* Github_BrowserUITests.swift */ = {isa = PBXFileReference; lastKnownFileType = sourcecode.swift; path = Github_BrowserUITests.swift; sourceTree = "<group>"; };
		DDEA69E7216F7C4F004BED2A /* Info.plist */ = {isa = PBXFileReference; lastKnownFileType = text.plist.xml; path = Info.plist; sourceTree = "<group>"; };
		E96A11ED84A0787D39D5C816 /* Pods-Github BrowserTests.release.xcconfig */ = {isa = PBXFileReference; includeInIndex = 1; lastKnownFileType = text.xcconfig; name = "Pods-Github BrowserTests.release.xcconfig"; path = "Pods/Target Support Files/Pods-Github BrowserTests/Pods-Github BrowserTests.release.xcconfig"; sourceTree = "<group>"; };
		F790905B9497F0BDCB1BCB99 /* Pods_Github_BrowserUITests.framework */ = {isa = PBXFileReference; explicitFileType = wrapper.framework; includeInIndex = 0; path = Pods_Github_BrowserUITests.framework; sourceTree = BUILT_PRODUCTS_DIR; };
/* End PBXFileReference section */

/* Begin PBXFrameworksBuildPhase section */
		DDEA69BF216F7C4D004BED2A /* Frameworks */ = {
			isa = PBXFrameworksBuildPhase;
			buildActionMask = 2147483647;
			files = (
				4279E6A0BFADB07EEEB9124A /* Pods_Github_Browser.framework in Frameworks */,
			);
			runOnlyForDeploymentPostprocessing = 0;
		};
		DDEA69D3216F7C4F004BED2A /* Frameworks */ = {
			isa = PBXFrameworksBuildPhase;
			buildActionMask = 2147483647;
			files = (
				E13F4D26BCE81B0C3EA93778 /* Pods_Github_BrowserTests.framework in Frameworks */,
			);
			runOnlyForDeploymentPostprocessing = 0;
		};
		DDEA69DE216F7C4F004BED2A /* Frameworks */ = {
			isa = PBXFrameworksBuildPhase;
			buildActionMask = 2147483647;
			files = (
				ACB5CE3A373CCEB21BEE39BA /* Pods_Github_BrowserUITests.framework in Frameworks */,
			);
			runOnlyForDeploymentPostprocessing = 0;
		};
/* End PBXFrameworksBuildPhase section */

/* Begin PBXGroup section */
		07F8BFA44BA80BA189C8F022 /* Frameworks */ = {
			isa = PBXGroup;
			children = (
				B603FFA693745F9535EA6E28 /* Pods_Github_Browser.framework */,
				57B9A8F05B732868B7175995 /* Pods_Github_BrowserTests.framework */,
				F790905B9497F0BDCB1BCB99 /* Pods_Github_BrowserUITests.framework */,
			);
			name = Frameworks;
			sourceTree = "<group>";
		};
		59A35F0C217229CA00225E38 /* Extensions */ = {
			isa = PBXGroup;
			children = (
				59A35F0A2172299E00225E38 /* XCUIElement+Extension.swift */,
				59A35F0D217238BA00225E38 /* XCTestCase+Extension.swift */,
			);
			path = Extensions;
			sourceTree = "<group>";
		};
		59DAE8E3217112CE001796C6 /* Supporting Files */ = {
			isa = PBXGroup;
			children = (
				DDEA69C5216F7C4D004BED2A /* AppDelegate.swift */,
				DDEA69CC216F7C4F004BED2A /* Assets.xcassets */,
				59DAE92B21717D63001796C6 /* Localizable.strings */,
			);
			path = "Supporting Files";
			sourceTree = "<group>";
		};
		59DAE8E42171130E001796C6 /* Views */ = {
			isa = PBXGroup;
			children = (
				59DAE8EB21711347001796C6 /* Common */,
				59DAE8EC2171134C001796C6 /* Scenes */,
			);
			path = Views;
			sourceTree = "<group>";
		};
		59DAE8E521711315001796C6 /* Scenes */ = {
			isa = PBXGroup;
			children = (
				59DAE8ED217113C4001796C6 /* SearchRepositories */,
				59DAE8EE217113EA001796C6 /* DetailRepository */,
			);
			path = Scenes;
			sourceTree = "<group>";
		};
		59DAE8E62171131B001796C6 /* Extensions */ = {
			isa = PBXGroup;
			children = (
				59DAE8FA21714BAC001796C6 /* String+Extension.swift */,
				59DAE91221716657001796C6 /* UIAlertController+Extension.swift */,
				59DAE919217169D8001796C6 /* UIViewController+Extension.swift */,
			);
			path = Extensions;
			sourceTree = "<group>";
		};
		59DAE8E721711323001796C6 /* Workers */ = {
			isa = PBXGroup;
			children = (
				59DAE8F421714B45001796C6 /* APIWorker.swift */,
				59DAE8F621714B6D001796C6 /* RequestResultType.swift */,
				59DAE8F821714B87001796C6 /* RequestError.swift */,
			);
			path = Workers;
			sourceTree = "<group>";
		};
		59DAE8E821711329001796C6 /* Services */ = {
			isa = PBXGroup;
			children = (
				59DAE914217166A1001796C6 /* Scenes */,
			);
			path = Services;
			sourceTree = "<group>";
		};
		59DAE8E921711332001796C6 /* Models */ = {
			isa = PBXGroup;
			children = (
				59DAE8FE21714E39001796C6 /* Repository.swift */,
				59DAE93C21720771001796C6 /* Readme.swift */,
			);
			path = Models;
			sourceTree = "<group>";
		};
		59DAE8EA21711337001796C6 /* Utils */ = {
			isa = PBXGroup;
			children = (
				59DAE8FC21714C71001796C6 /* URLUtil.swift */,
			);
			path = Utils;
			sourceTree = "<group>";
		};
		59DAE8EB21711347001796C6 /* Common */ = {
			isa = PBXGroup;
			children = (
				59DAE922217175D4001796C6 /* EmptyTableViewCell */,
				59DAE91B21716A0D001796C6 /* LoadingView */,
			);
			path = Common;
			sourceTree = "<group>";
		};
		59DAE8EC2171134C001796C6 /* Scenes */ = {
			isa = PBXGroup;
			children = (
				59DAE8EF21711461001796C6 /* SearchRepositories */,
				59DAE8F021711468001796C6 /* DetailRepository */,
				DDEA69CE216F7C4F004BED2A /* LaunchScreen.storyboard */,
			);
			path = Scenes;
			sourceTree = "<group>";
		};
		59DAE8ED217113C4001796C6 /* SearchRepositories */ = {
			isa = PBXGroup;
			children = (
				59DAE90021715131001796C6 /* SearchRepositoriesPresenter.swift */,
				59DAE90221715140001796C6 /* SearchRepositoriesWorker.swift */,
				59DAE9042171514F001796C6 /* SearchRepositoriesRouter.swift */,
				59DAE90621715161001796C6 /* SearchRepositoriesModels.swift */,
				59DAE90821715185001796C6 /* SearchRepositoriesViewController.swift */,
				59DAE90A21715195001796C6 /* SearchRepositoriesInteractor.swift */,
				59DAE90C217151A6001796C6 /* SearchRepositories.storyboard */,
			);
			path = SearchRepositories;
			sourceTree = "<group>";
		};
		59DAE8EE217113EA001796C6 /* DetailRepository */ = {
			isa = PBXGroup;
			children = (
				59DAE92E217204E3001796C6 /* DetailRepositoryPresenter.swift */,
				59DAE94021721760001796C6 /* DetailRepositoryWorker.swift */,
				59DAE93221720507001796C6 /* DetailRepositoryRouter.swift */,
				59DAE93421720510001796C6 /* DetailRepositoryModels.swift */,
				59DAE9362172051D001796C6 /* DetailRepositoryViewController.swift */,
				59DAE93821720526001796C6 /* DetailRepositoryInteractor.swift */,
				59DAE93A2172052E001796C6 /* DetailRepository.storyboard */,
			);
			path = DetailRepository;
			sourceTree = "<group>";
		};
		59DAE8EF21711461001796C6 /* SearchRepositories */ = {
			isa = PBXGroup;
			children = (
				59DAE90E21715991001796C6 /* SearchRepositoriesTableViewCell.swift */,
				59DAE90F21715991001796C6 /* SearchRepositoriesTableViewCell.xib */,
			);
			path = SearchRepositories;
			sourceTree = "<group>";
		};
		59DAE8F021711468001796C6 /* DetailRepository */ = {
			isa = PBXGroup;
			children = (
			);
			path = DetailRepository;
			sourceTree = "<group>";
		};
		59DAE8F121711480001796C6 /* Scenes */ = {
			isa = PBXGroup;
			children = (
				59DAE8F221711485001796C6 /* SearchRepositories */,
				59DAE8F32171148C001796C6 /* DetailRepository */,
			);
			path = Scenes;
			sourceTree = "<group>";
		};
		59DAE8F221711485001796C6 /* SearchRepositories */ = {
			isa = PBXGroup;
			children = (
			);
			path = SearchRepositories;
			sourceTree = "<group>";
		};
		59DAE8F32171148C001796C6 /* DetailRepository */ = {
			isa = PBXGroup;
			children = (
			);
			path = DetailRepository;
			sourceTree = "<group>";
		};
		59DAE914217166A1001796C6 /* Scenes */ = {
			isa = PBXGroup;
			children = (
				59DAE915217166A5001796C6 /* SearchRepositories */,
				59DAE916217166AF001796C6 /* DetailRepository */,
			);
			path = Scenes;
			sourceTree = "<group>";
		};
		59DAE915217166A5001796C6 /* SearchRepositories */ = {
			isa = PBXGroup;
			children = (
				59DAE917217166C6001796C6 /* SearchRepositoriesAPI.swift */,
			);
			path = SearchRepositories;
			sourceTree = "<group>";
		};
		59DAE916217166AF001796C6 /* DetailRepository */ = {
			isa = PBXGroup;
			children = (
				59DAE93E21720B52001796C6 /* DetailRepositoryAPI.swift */,
			);
			path = DetailRepository;
			sourceTree = "<group>";
		};
		59DAE91B21716A0D001796C6 /* LoadingView */ = {
			isa = PBXGroup;
			children = (
				59DAE91C21716A28001796C6 /* LoadingViewController.swift */,
				592F80392172756800E4CF7B /* LoadingView.storyboard */,
			);
			path = LoadingView;
			sourceTree = "<group>";
		};
		59DAE922217175D4001796C6 /* EmptyTableViewCell */ = {
			isa = PBXGroup;
			children = (
				59DAE923217175E7001796C6 /* EmptyTableViewCell.swift */,
				59DAE924217175E7001796C6 /* EmptyTableViewCell.xib */,
			);
			path = EmptyTableViewCell;
			sourceTree = "<group>";
		};
		DDEA69B9216F7C4D004BED2A = {
			isa = PBXGroup;
			children = (
				DDEA69C4216F7C4D004BED2A /* Github Browser */,
				DDEA69D9216F7C4F004BED2A /* Github BrowserTests */,
				DDEA69E4216F7C4F004BED2A /* Github BrowserUITests */,
				DDEA69C3216F7C4D004BED2A /* Products */,
				FD3F52E0EDBCC8D2E0162588 /* Pods */,
				07F8BFA44BA80BA189C8F022 /* Frameworks */,
			);
			sourceTree = "<group>";
		};
		DDEA69C3216F7C4D004BED2A /* Products */ = {
			isa = PBXGroup;
			children = (
				DDEA69C2216F7C4D004BED2A /* Github Browser.app */,
				DDEA69D6216F7C4F004BED2A /* Github BrowserTests.xctest */,
				DDEA69E1216F7C4F004BED2A /* Github BrowserUITests.xctest */,
			);
			name = Products;
			sourceTree = "<group>";
		};
		DDEA69C4216F7C4D004BED2A /* Github Browser */ = {
			isa = PBXGroup;
			children = (
				DDEA69D1216F7C4F004BED2A /* Info.plist */,
				59DAE8E521711315001796C6 /* Scenes */,
				59DAE8E62171131B001796C6 /* Extensions */,
				59DAE8E721711323001796C6 /* Workers */,
				59DAE8E821711329001796C6 /* Services */,
				59DAE8E42171130E001796C6 /* Views */,
				59DAE8E921711332001796C6 /* Models */,
				59DAE8EA21711337001796C6 /* Utils */,
				59DAE8E3217112CE001796C6 /* Supporting Files */,
			);
			path = "Github Browser";
			sourceTree = "<group>";
		};
		DDEA69D9216F7C4F004BED2A /* Github BrowserTests */ = {
			isa = PBXGroup;
			children = (
				59DAE8F121711480001796C6 /* Scenes */,
				DDEA69DA216F7C4F004BED2A /* Github_BrowserTests.swift */,
				DDEA69DC216F7C4F004BED2A /* Info.plist */,
			);
			path = "Github BrowserTests";
			sourceTree = "<group>";
		};
		DDEA69E4216F7C4F004BED2A /* Github BrowserUITests */ = {
			isa = PBXGroup;
			children = (
				59A35F0C217229CA00225E38 /* Extensions */,
				DDEA69E5216F7C4F004BED2A /* Github_BrowserUITests.swift */,
				DDEA69E7216F7C4F004BED2A /* Info.plist */,
			);
			path = "Github BrowserUITests";
			sourceTree = "<group>";
		};
		FD3F52E0EDBCC8D2E0162588 /* Pods */ = {
			isa = PBXGroup;
			children = (
				62221685DA323468DB7B0085 /* Pods-Github Browser.debug.xcconfig */,
				198E2DC0E579243D4BAAF52E /* Pods-Github Browser.release.xcconfig */,
				2F92A5EC54A726CE784E9958 /* Pods-Github BrowserTests.debug.xcconfig */,
				E96A11ED84A0787D39D5C816 /* Pods-Github BrowserTests.release.xcconfig */,
				24E733312968DDC15D8FD9A4 /* Pods-Github BrowserUITests.debug.xcconfig */,
				3A111FCC51D8BAC9B83F5ECC /* Pods-Github BrowserUITests.release.xcconfig */,
			);
			name = Pods;
			sourceTree = "<group>";
		};
/* End PBXGroup section */

/* Begin PBXNativeTarget section */
		DDEA69C1216F7C4D004BED2A /* Github Browser */ = {
			isa = PBXNativeTarget;
			buildConfigurationList = DDEA69EA216F7C4F004BED2A /* Build configuration list for PBXNativeTarget "Github Browser" */;
			buildPhases = (
				620729BAA820508B444C3B94 /* [CP] Check Pods Manifest.lock */,
				DDEA69BE216F7C4D004BED2A /* Sources */,
				DDEA69BF216F7C4D004BED2A /* Frameworks */,
				DDEA69C0216F7C4D004BED2A /* Resources */,
				99CD73F24B8FF0277CA44536 /* [CP] Embed Pods Frameworks */,
			);
			buildRules = (
			);
			dependencies = (
			);
			name = "Github Browser";
			productName = "Github Browser";
			productReference = DDEA69C2216F7C4D004BED2A /* Github Browser.app */;
			productType = "com.apple.product-type.application";
		};
		DDEA69D5216F7C4F004BED2A /* Github BrowserTests */ = {
			isa = PBXNativeTarget;
			buildConfigurationList = DDEA69ED216F7C4F004BED2A /* Build configuration list for PBXNativeTarget "Github BrowserTests" */;
			buildPhases = (
				A6F344ECB99EC1AE715E760A /* [CP] Check Pods Manifest.lock */,
				DDEA69D2216F7C4F004BED2A /* Sources */,
				DDEA69D3216F7C4F004BED2A /* Frameworks */,
				DDEA69D4216F7C4F004BED2A /* Resources */,
			);
			buildRules = (
			);
			dependencies = (
				DDEA69D8216F7C4F004BED2A /* PBXTargetDependency */,
			);
			name = "Github BrowserTests";
			productName = "Github BrowserTests";
			productReference = DDEA69D6216F7C4F004BED2A /* Github BrowserTests.xctest */;
			productType = "com.apple.product-type.bundle.unit-test";
		};
		DDEA69E0216F7C4F004BED2A /* Github BrowserUITests */ = {
			isa = PBXNativeTarget;
			buildConfigurationList = DDEA69F0216F7C4F004BED2A /* Build configuration list for PBXNativeTarget "Github BrowserUITests" */;
			buildPhases = (
				02A2C2E5B5BB1EDA8639B287 /* [CP] Check Pods Manifest.lock */,
				DDEA69DD216F7C4F004BED2A /* Sources */,
				DDEA69DE216F7C4F004BED2A /* Frameworks */,
				DDEA69DF216F7C4F004BED2A /* Resources */,
			);
			buildRules = (
			);
			dependencies = (
				DDEA69E3216F7C4F004BED2A /* PBXTargetDependency */,
			);
			name = "Github BrowserUITests";
			productName = "Github BrowserUITests";
			productReference = DDEA69E1216F7C4F004BED2A /* Github BrowserUITests.xctest */;
			productType = "com.apple.product-type.bundle.ui-testing";
		};
/* End PBXNativeTarget section */

/* Begin PBXProject section */
		DDEA69BA216F7C4D004BED2A /* Project object */ = {
			isa = PBXProject;
			attributes = {
				LastSwiftUpdateCheck = 1000;
				LastUpgradeCheck = 1000;
				ORGANIZATIONNAME = "Gustavo Severo";
				TargetAttributes = {
					DDEA69C1216F7C4D004BED2A = {
						CreatedOnToolsVersion = 10.0;
					};
					DDEA69D5216F7C4F004BED2A = {
						CreatedOnToolsVersion = 10.0;
						TestTargetID = DDEA69C1216F7C4D004BED2A;
					};
					DDEA69E0216F7C4F004BED2A = {
						CreatedOnToolsVersion = 10.0;
						TestTargetID = DDEA69C1216F7C4D004BED2A;
					};
				};
			};
			buildConfigurationList = DDEA69BD216F7C4D004BED2A /* Build configuration list for PBXProject "Github Browser" */;
			compatibilityVersion = "Xcode 9.3";
			developmentRegion = en;
			hasScannedForEncodings = 0;
			knownRegions = (
				en,
				Base,
				"pt-BR",
			);
			mainGroup = DDEA69B9216F7C4D004BED2A;
			productRefGroup = DDEA69C3216F7C4D004BED2A /* Products */;
			projectDirPath = "";
			projectRoot = "";
			targets = (
				DDEA69C1216F7C4D004BED2A /* Github Browser */,
				DDEA69D5216F7C4F004BED2A /* Github BrowserTests */,
				DDEA69E0216F7C4F004BED2A /* Github BrowserUITests */,
			);
		};
/* End PBXProject section */

/* Begin PBXResourcesBuildPhase section */
		DDEA69C0216F7C4D004BED2A /* Resources */ = {
			isa = PBXResourcesBuildPhase;
			buildActionMask = 2147483647;
			files = (
				59DAE90D217151A6001796C6 /* SearchRepositories.storyboard in Resources */,
				59DAE91121715991001796C6 /* SearchRepositoriesTableViewCell.xib in Resources */,
				592F80372172756800E4CF7B /* LoadingView.storyboard in Resources */,
				59DAE92921717D63001796C6 /* Localizable.strings in Resources */,
				59DAE926217175E7001796C6 /* EmptyTableViewCell.xib in Resources */,
				59DAE93B2172052E001796C6 /* DetailRepository.storyboard in Resources */,
				DDEA69D0216F7C4F004BED2A /* LaunchScreen.storyboard in Resources */,
				DDEA69CD216F7C4F004BED2A /* Assets.xcassets in Resources */,
			);
			runOnlyForDeploymentPostprocessing = 0;
		};
		DDEA69D4216F7C4F004BED2A /* Resources */ = {
			isa = PBXResourcesBuildPhase;
			buildActionMask = 2147483647;
			files = (
			);
			runOnlyForDeploymentPostprocessing = 0;
		};
		DDEA69DF216F7C4F004BED2A /* Resources */ = {
			isa = PBXResourcesBuildPhase;
			buildActionMask = 2147483647;
			files = (
			);
			runOnlyForDeploymentPostprocessing = 0;
		};
/* End PBXResourcesBuildPhase section */

/* Begin PBXShellScriptBuildPhase section */
		02A2C2E5B5BB1EDA8639B287 /* [CP] Check Pods Manifest.lock */ = {
			isa = PBXShellScriptBuildPhase;
			buildActionMask = 2147483647;
			files = (
			);
			inputFileListPaths = (
			);
			inputPaths = (
				"${PODS_PODFILE_DIR_PATH}/Podfile.lock",
				"${PODS_ROOT}/Manifest.lock",
			);
			name = "[CP] Check Pods Manifest.lock";
			outputFileListPaths = (
			);
			outputPaths = (
				"$(DERIVED_FILE_DIR)/Pods-Github BrowserUITests-checkManifestLockResult.txt",
			);
			runOnlyForDeploymentPostprocessing = 0;
			shellPath = /bin/sh;
			shellScript = "diff \"${PODS_PODFILE_DIR_PATH}/Podfile.lock\" \"${PODS_ROOT}/Manifest.lock\" > /dev/null\nif [ $? != 0 ] ; then\n    # print error to STDERR\n    echo \"error: The sandbox is not in sync with the Podfile.lock. Run 'pod install' or update your CocoaPods installation.\" >&2\n    exit 1\nfi\n# This output is used by Xcode 'outputs' to avoid re-running this script phase.\necho \"SUCCESS\" > \"${SCRIPT_OUTPUT_FILE_0}\"\n";
			showEnvVarsInLog = 0;
		};
		620729BAA820508B444C3B94 /* [CP] Check Pods Manifest.lock */ = {
			isa = PBXShellScriptBuildPhase;
			buildActionMask = 2147483647;
			files = (
			);
			inputFileListPaths = (
			);
			inputPaths = (
				"${PODS_PODFILE_DIR_PATH}/Podfile.lock",
				"${PODS_ROOT}/Manifest.lock",
			);
			name = "[CP] Check Pods Manifest.lock";
			outputFileListPaths = (
			);
			outputPaths = (
				"$(DERIVED_FILE_DIR)/Pods-Github Browser-checkManifestLockResult.txt",
			);
			runOnlyForDeploymentPostprocessing = 0;
			shellPath = /bin/sh;
			shellScript = "diff \"${PODS_PODFILE_DIR_PATH}/Podfile.lock\" \"${PODS_ROOT}/Manifest.lock\" > /dev/null\nif [ $? != 0 ] ; then\n    # print error to STDERR\n    echo \"error: The sandbox is not in sync with the Podfile.lock. Run 'pod install' or update your CocoaPods installation.\" >&2\n    exit 1\nfi\n# This output is used by Xcode 'outputs' to avoid re-running this script phase.\necho \"SUCCESS\" > \"${SCRIPT_OUTPUT_FILE_0}\"\n";
			showEnvVarsInLog = 0;
		};
		99CD73F24B8FF0277CA44536 /* [CP] Embed Pods Frameworks */ = {
			isa = PBXShellScriptBuildPhase;
			buildActionMask = 2147483647;
			files = (
			);
			inputFileListPaths = (
			);
			inputPaths = (
				"${SRCROOT}/Pods/Target Support Files/Pods-Github Browser/Pods-Github Browser-frameworks.sh",
				"${BUILT_PRODUCTS_DIR}/Alamofire/Alamofire.framework",
				"${BUILT_PRODUCTS_DIR}/AlamofireImage/AlamofireImage.framework",
			);
			name = "[CP] Embed Pods Frameworks";
			outputFileListPaths = (
			);
			outputPaths = (
				"${TARGET_BUILD_DIR}/${FRAMEWORKS_FOLDER_PATH}/Alamofire.framework",
				"${TARGET_BUILD_DIR}/${FRAMEWORKS_FOLDER_PATH}/AlamofireImage.framework",
			);
			runOnlyForDeploymentPostprocessing = 0;
			shellPath = /bin/sh;
			shellScript = "\"${SRCROOT}/Pods/Target Support Files/Pods-Github Browser/Pods-Github Browser-frameworks.sh\"\n";
			showEnvVarsInLog = 0;
		};
		A6F344ECB99EC1AE715E760A /* [CP] Check Pods Manifest.lock */ = {
			isa = PBXShellScriptBuildPhase;
			buildActionMask = 2147483647;
			files = (
			);
			inputFileListPaths = (
			);
			inputPaths = (
				"${PODS_PODFILE_DIR_PATH}/Podfile.lock",
				"${PODS_ROOT}/Manifest.lock",
			);
			name = "[CP] Check Pods Manifest.lock";
			outputFileListPaths = (
			);
			outputPaths = (
				"$(DERIVED_FILE_DIR)/Pods-Github BrowserTests-checkManifestLockResult.txt",
			);
			runOnlyForDeploymentPostprocessing = 0;
			shellPath = /bin/sh;
			shellScript = "diff \"${PODS_PODFILE_DIR_PATH}/Podfile.lock\" \"${PODS_ROOT}/Manifest.lock\" > /dev/null\nif [ $? != 0 ] ; then\n    # print error to STDERR\n    echo \"error: The sandbox is not in sync with the Podfile.lock. Run 'pod install' or update your CocoaPods installation.\" >&2\n    exit 1\nfi\n# This output is used by Xcode 'outputs' to avoid re-running this script phase.\necho \"SUCCESS\" > \"${SCRIPT_OUTPUT_FILE_0}\"\n";
			showEnvVarsInLog = 0;
		};
/* End PBXShellScriptBuildPhase section */

/* Begin PBXSourcesBuildPhase section */
		DDEA69BE216F7C4D004BED2A /* Sources */ = {
			isa = PBXSourcesBuildPhase;
			buildActionMask = 2147483647;
			files = (
				59DAE8FF21714E39001796C6 /* Repository.swift in Sources */,
				59DAE8F921714B87001796C6 /* RequestError.swift in Sources */,
				59DAE90721715161001796C6 /* SearchRepositoriesModels.swift in Sources */,
				59DAE9052171514F001796C6 /* SearchRepositoriesRouter.swift in Sources */,
				59DAE91A217169D8001796C6 /* UIViewController+Extension.swift in Sources */,
				59DAE91D21716A28001796C6 /* LoadingViewController.swift in Sources */,
				59DAE93921720526001796C6 /* DetailRepositoryInteractor.swift in Sources */,
				59DAE90B21715195001796C6 /* SearchRepositoriesInteractor.swift in Sources */,
				59DAE8FD21714C71001796C6 /* URLUtil.swift in Sources */,
				59DAE91321716657001796C6 /* UIAlertController+Extension.swift in Sources */,
				59DAE9372172051D001796C6 /* DetailRepositoryViewController.swift in Sources */,
				59DAE92F217204E3001796C6 /* DetailRepositoryPresenter.swift in Sources */,
				59DAE8F521714B45001796C6 /* APIWorker.swift in Sources */,
				59DAE8F721714B6D001796C6 /* RequestResultType.swift in Sources */,
				59DAE90321715140001796C6 /* SearchRepositoriesWorker.swift in Sources */,
				59DAE91021715991001796C6 /* SearchRepositoriesTableViewCell.swift in Sources */,
				59DAE8FB21714BAC001796C6 /* String+Extension.swift in Sources */,
				59DAE90121715131001796C6 /* SearchRepositoriesPresenter.swift in Sources */,
				59DAE93321720507001796C6 /* DetailRepositoryRouter.swift in Sources */,
				59DAE90921715185001796C6 /* SearchRepositoriesViewController.swift in Sources */,
				59DAE925217175E7001796C6 /* EmptyTableViewCell.swift in Sources */,
				59DAE918217166C6001796C6 /* SearchRepositoriesAPI.swift in Sources */,
				DDEA69C6216F7C4D004BED2A /* AppDelegate.swift in Sources */,
				59DAE94121721761001796C6 /* DetailRepositoryWorker.swift in Sources */,
				59DAE93F21720B52001796C6 /* DetailRepositoryAPI.swift in Sources */,
				59DAE93521720510001796C6 /* DetailRepositoryModels.swift in Sources */,
				59DAE93D21720771001796C6 /* Readme.swift in Sources */,
			);
			runOnlyForDeploymentPostprocessing = 0;
		};
		DDEA69D2216F7C4F004BED2A /* Sources */ = {
			isa = PBXSourcesBuildPhase;
			buildActionMask = 2147483647;
			files = (
				DDEA69DB216F7C4F004BED2A /* Github_BrowserTests.swift in Sources */,
			);
			runOnlyForDeploymentPostprocessing = 0;
		};
		DDEA69DD216F7C4F004BED2A /* Sources */ = {
			isa = PBXSourcesBuildPhase;
			buildActionMask = 2147483647;
			files = (
				59A35F0E217238BA00225E38 /* XCTestCase+Extension.swift in Sources */,
				DDEA69E6216F7C4F004BED2A /* Github_BrowserUITests.swift in Sources */,
				59A35F0B2172299E00225E38 /* XCUIElement+Extension.swift in Sources */,
			);
			runOnlyForDeploymentPostprocessing = 0;
		};
/* End PBXSourcesBuildPhase section */

/* Begin PBXTargetDependency section */
		DDEA69D8216F7C4F004BED2A /* PBXTargetDependency */ = {
			isa = PBXTargetDependency;
			target = DDEA69C1216F7C4D004BED2A /* Github Browser */;
			targetProxy = DDEA69D7216F7C4F004BED2A /* PBXContainerItemProxy */;
		};
		DDEA69E3216F7C4F004BED2A /* PBXTargetDependency */ = {
			isa = PBXTargetDependency;
			target = DDEA69C1216F7C4D004BED2A /* Github Browser */;
			targetProxy = DDEA69E2216F7C4F004BED2A /* PBXContainerItemProxy */;
		};
/* End PBXTargetDependency section */

/* Begin PBXVariantGroup section */
		592F80392172756800E4CF7B /* LoadingView.storyboard */ = {
			isa = PBXVariantGroup;
			children = (
				592F80382172756800E4CF7B /* Base */,
				592F803B2172756A00E4CF7B /* en */,
				592F803D2172756B00E4CF7B /* pt-BR */,
			);
			name = LoadingView.storyboard;
			sourceTree = "<group>";
		};
		59DAE92B21717D63001796C6 /* Localizable.strings */ = {
			isa = PBXVariantGroup;
			children = (
				59DAE92A21717D63001796C6 /* en */,
				59DAE92D21717D74001796C6 /* pt-BR */,
			);
			name = Localizable.strings;
			sourceTree = "<group>";
		};
		DDEA69CE216F7C4F004BED2A /* LaunchScreen.storyboard */ = {
			isa = PBXVariantGroup;
			children = (
				DDEA69CF216F7C4F004BED2A /* Base */,
				59DAE92C21717D73001796C6 /* pt-BR */,
			);
			name = LaunchScreen.storyboard;
			sourceTree = "<group>";
		};
/* End PBXVariantGroup section */

/* Begin XCBuildConfiguration section */
		DDEA69E8216F7C4F004BED2A /* Debug */ = {
			isa = XCBuildConfiguration;
			buildSettings = {
				ALWAYS_SEARCH_USER_PATHS = NO;
				CLANG_ANALYZER_LOCALIZABILITY_NONLOCALIZED = YES;
				CLANG_ANALYZER_NONNULL = YES;
				CLANG_ANALYZER_NUMBER_OBJECT_CONVERSION = YES_AGGRESSIVE;
				CLANG_CXX_LANGUAGE_STANDARD = "gnu++14";
				CLANG_CXX_LIBRARY = "libc++";
				CLANG_ENABLE_MODULES = YES;
				CLANG_ENABLE_OBJC_ARC = YES;
				CLANG_ENABLE_OBJC_WEAK = YES;
				CLANG_WARN_BLOCK_CAPTURE_AUTORELEASING = YES;
				CLANG_WARN_BOOL_CONVERSION = YES;
				CLANG_WARN_COMMA = YES;
				CLANG_WARN_CONSTANT_CONVERSION = YES;
				CLANG_WARN_DEPRECATED_OBJC_IMPLEMENTATIONS = YES;
				CLANG_WARN_DIRECT_OBJC_ISA_USAGE = YES_ERROR;
				CLANG_WARN_DOCUMENTATION_COMMENTS = YES;
				CLANG_WARN_EMPTY_BODY = YES;
				CLANG_WARN_ENUM_CONVERSION = YES;
				CLANG_WARN_INFINITE_RECURSION = YES;
				CLANG_WARN_INT_CONVERSION = YES;
				CLANG_WARN_NON_LITERAL_NULL_CONVERSION = YES;
				CLANG_WARN_OBJC_IMPLICIT_RETAIN_SELF = YES;
				CLANG_WARN_OBJC_LITERAL_CONVERSION = YES;
				CLANG_WARN_OBJC_ROOT_CLASS = YES_ERROR;
				CLANG_WARN_RANGE_LOOP_ANALYSIS = YES;
				CLANG_WARN_STRICT_PROTOTYPES = YES;
				CLANG_WARN_SUSPICIOUS_MOVE = YES;
				CLANG_WARN_UNGUARDED_AVAILABILITY = YES_AGGRESSIVE;
				CLANG_WARN_UNREACHABLE_CODE = YES;
				CLANG_WARN__DUPLICATE_METHOD_MATCH = YES;
				CODE_SIGN_IDENTITY = "iPhone Developer";
				COPY_PHASE_STRIP = NO;
				DEBUG_INFORMATION_FORMAT = dwarf;
				ENABLE_STRICT_OBJC_MSGSEND = YES;
				ENABLE_TESTABILITY = YES;
				GCC_C_LANGUAGE_STANDARD = gnu11;
				GCC_DYNAMIC_NO_PIC = NO;
				GCC_NO_COMMON_BLOCKS = YES;
				GCC_OPTIMIZATION_LEVEL = 0;
				GCC_PREPROCESSOR_DEFINITIONS = (
					"DEBUG=1",
					"$(inherited)",
				);
				GCC_WARN_64_TO_32_BIT_CONVERSION = YES;
				GCC_WARN_ABOUT_RETURN_TYPE = YES_ERROR;
				GCC_WARN_UNDECLARED_SELECTOR = YES;
				GCC_WARN_UNINITIALIZED_AUTOS = YES_AGGRESSIVE;
				GCC_WARN_UNUSED_FUNCTION = YES;
				GCC_WARN_UNUSED_VARIABLE = YES;
				IPHONEOS_DEPLOYMENT_TARGET = 12.0;
				MTL_ENABLE_DEBUG_INFO = INCLUDE_SOURCE;
				MTL_FAST_MATH = YES;
				ONLY_ACTIVE_ARCH = YES;
				SDKROOT = iphoneos;
				SWIFT_ACTIVE_COMPILATION_CONDITIONS = DEBUG;
				SWIFT_OPTIMIZATION_LEVEL = "-Onone";
			};
			name = Debug;
		};
		DDEA69E9216F7C4F004BED2A /* Release */ = {
			isa = XCBuildConfiguration;
			buildSettings = {
				ALWAYS_SEARCH_USER_PATHS = NO;
				CLANG_ANALYZER_LOCALIZABILITY_NONLOCALIZED = YES;
				CLANG_ANALYZER_NONNULL = YES;
				CLANG_ANALYZER_NUMBER_OBJECT_CONVERSION = YES_AGGRESSIVE;
				CLANG_CXX_LANGUAGE_STANDARD = "gnu++14";
				CLANG_CXX_LIBRARY = "libc++";
				CLANG_ENABLE_MODULES = YES;
				CLANG_ENABLE_OBJC_ARC = YES;
				CLANG_ENABLE_OBJC_WEAK = YES;
				CLANG_WARN_BLOCK_CAPTURE_AUTORELEASING = YES;
				CLANG_WARN_BOOL_CONVERSION = YES;
				CLANG_WARN_COMMA = YES;
				CLANG_WARN_CONSTANT_CONVERSION = YES;
				CLANG_WARN_DEPRECATED_OBJC_IMPLEMENTATIONS = YES;
				CLANG_WARN_DIRECT_OBJC_ISA_USAGE = YES_ERROR;
				CLANG_WARN_DOCUMENTATION_COMMENTS = YES;
				CLANG_WARN_EMPTY_BODY = YES;
				CLANG_WARN_ENUM_CONVERSION = YES;
				CLANG_WARN_INFINITE_RECURSION = YES;
				CLANG_WARN_INT_CONVERSION = YES;
				CLANG_WARN_NON_LITERAL_NULL_CONVERSION = YES;
				CLANG_WARN_OBJC_IMPLICIT_RETAIN_SELF = YES;
				CLANG_WARN_OBJC_LITERAL_CONVERSION = YES;
				CLANG_WARN_OBJC_ROOT_CLASS = YES_ERROR;
				CLANG_WARN_RANGE_LOOP_ANALYSIS = YES;
				CLANG_WARN_STRICT_PROTOTYPES = YES;
				CLANG_WARN_SUSPICIOUS_MOVE = YES;
				CLANG_WARN_UNGUARDED_AVAILABILITY = YES_AGGRESSIVE;
				CLANG_WARN_UNREACHABLE_CODE = YES;
				CLANG_WARN__DUPLICATE_METHOD_MATCH = YES;
				CODE_SIGN_IDENTITY = "iPhone Developer";
				COPY_PHASE_STRIP = NO;
				DEBUG_INFORMATION_FORMAT = "dwarf-with-dsym";
				ENABLE_NS_ASSERTIONS = NO;
				ENABLE_STRICT_OBJC_MSGSEND = YES;
				GCC_C_LANGUAGE_STANDARD = gnu11;
				GCC_NO_COMMON_BLOCKS = YES;
				GCC_WARN_64_TO_32_BIT_CONVERSION = YES;
				GCC_WARN_ABOUT_RETURN_TYPE = YES_ERROR;
				GCC_WARN_UNDECLARED_SELECTOR = YES;
				GCC_WARN_UNINITIALIZED_AUTOS = YES_AGGRESSIVE;
				GCC_WARN_UNUSED_FUNCTION = YES;
				GCC_WARN_UNUSED_VARIABLE = YES;
				IPHONEOS_DEPLOYMENT_TARGET = 12.0;
				MTL_ENABLE_DEBUG_INFO = NO;
				MTL_FAST_MATH = YES;
				SDKROOT = iphoneos;
				SWIFT_COMPILATION_MODE = wholemodule;
				SWIFT_OPTIMIZATION_LEVEL = "-O";
				VALIDATE_PRODUCT = YES;
			};
			name = Release;
		};
		DDEA69EB216F7C4F004BED2A /* Debug */ = {
			isa = XCBuildConfiguration;
			baseConfigurationReference = 62221685DA323468DB7B0085 /* Pods-Github Browser.debug.xcconfig */;
			buildSettings = {
				ASSETCATALOG_COMPILER_APPICON_NAME = AppIcon;
				CODE_SIGN_STYLE = Automatic;
				DEVELOPMENT_TEAM = N8MAFJDDC5;
				INFOPLIST_FILE = "Github Browser/Info.plist";
				IPHONEOS_DEPLOYMENT_TARGET = 9.0;
				LD_RUNPATH_SEARCH_PATHS = (
					"$(inherited)",
					"@executable_path/Frameworks",
				);
				PRODUCT_BUNDLE_IDENTIFIER = "com.GustavoSevero.Github-Browser";
				PRODUCT_NAME = "$(TARGET_NAME)";
				SWIFT_VERSION = 4.0;
				TARGETED_DEVICE_FAMILY = "1,2";
			};
			name = Debug;
		};
		DDEA69EC216F7C4F004BED2A /* Release */ = {
			isa = XCBuildConfiguration;
			baseConfigurationReference = 198E2DC0E579243D4BAAF52E /* Pods-Github Browser.release.xcconfig */;
			buildSettings = {
				ASSETCATALOG_COMPILER_APPICON_NAME = AppIcon;
				CODE_SIGN_STYLE = Automatic;
				DEVELOPMENT_TEAM = N8MAFJDDC5;
				INFOPLIST_FILE = "Github Browser/Info.plist";
				IPHONEOS_DEPLOYMENT_TARGET = 9.0;
				LD_RUNPATH_SEARCH_PATHS = (
					"$(inherited)",
					"@executable_path/Frameworks",
				);
				PRODUCT_BUNDLE_IDENTIFIER = "com.GustavoSevero.Github-Browser";
				PRODUCT_NAME = "$(TARGET_NAME)";
				SWIFT_VERSION = 4.0;
				TARGETED_DEVICE_FAMILY = "1,2";
			};
			name = Release;
		};
		DDEA69EE216F7C4F004BED2A /* Debug */ = {
			isa = XCBuildConfiguration;
			baseConfigurationReference = 2F92A5EC54A726CE784E9958 /* Pods-Github BrowserTests.debug.xcconfig */;
			buildSettings = {
				ALWAYS_EMBED_SWIFT_STANDARD_LIBRARIES = YES;
				BUNDLE_LOADER = "$(TEST_HOST)";
				CODE_SIGN_STYLE = Automatic;
				DEVELOPMENT_TEAM = N8MAFJDDC5;
				INFOPLIST_FILE = "Github BrowserTests/Info.plist";
				LD_RUNPATH_SEARCH_PATHS = (
					"$(inherited)",
					"@executable_path/Frameworks",
					"@loader_path/Frameworks",
				);
				PRODUCT_BUNDLE_IDENTIFIER = "com.GustavoSevero.Github-BrowserTests";
				PRODUCT_NAME = "$(TARGET_NAME)";
				SWIFT_VERSION = 4.2;
				TARGETED_DEVICE_FAMILY = "1,2";
				TEST_HOST = "$(BUILT_PRODUCTS_DIR)/Github Browser.app/Github Browser";
			};
			name = Debug;
		};
		DDEA69EF216F7C4F004BED2A /* Release */ = {
			isa = XCBuildConfiguration;
			baseConfigurationReference = E96A11ED84A0787D39D5C816 /* Pods-Github BrowserTests.release.xcconfig */;
			buildSettings = {
				ALWAYS_EMBED_SWIFT_STANDARD_LIBRARIES = YES;
				BUNDLE_LOADER = "$(TEST_HOST)";
				CODE_SIGN_STYLE = Automatic;
				DEVELOPMENT_TEAM = N8MAFJDDC5;
				INFOPLIST_FILE = "Github BrowserTests/Info.plist";
				LD_RUNPATH_SEARCH_PATHS = (
					"$(inherited)",
					"@executable_path/Frameworks",
					"@loader_path/Frameworks",
				);
				PRODUCT_BUNDLE_IDENTIFIER = "com.GustavoSevero.Github-BrowserTests";
				PRODUCT_NAME = "$(TARGET_NAME)";
				SWIFT_VERSION = 4.2;
				TARGETED_DEVICE_FAMILY = "1,2";
				TEST_HOST = "$(BUILT_PRODUCTS_DIR)/Github Browser.app/Github Browser";
			};
			name = Release;
		};
		DDEA69F1216F7C4F004BED2A /* Debug */ = {
			isa = XCBuildConfiguration;
			baseConfigurationReference = 24E733312968DDC15D8FD9A4 /* Pods-Github BrowserUITests.debug.xcconfig */;
			buildSettings = {
				ALWAYS_EMBED_SWIFT_STANDARD_LIBRARIES = YES;
				CODE_SIGN_STYLE = Automatic;
				DEVELOPMENT_TEAM = N8MAFJDDC5;
				INFOPLIST_FILE = "Github BrowserUITests/Info.plist";
				LD_RUNPATH_SEARCH_PATHS = (
					"$(inherited)",
					"@executable_path/Frameworks",
					"@loader_path/Frameworks",
				);
				PRODUCT_BUNDLE_IDENTIFIER = "com.GustavoSevero.Github-BrowserUITests";
				PRODUCT_NAME = "$(TARGET_NAME)";
				SWIFT_VERSION = 4.2;
				TARGETED_DEVICE_FAMILY = "1,2";
				TEST_TARGET_NAME = "Github Browser";
			};
			name = Debug;
		};
		DDEA69F2216F7C4F004BED2A /* Release */ = {
			isa = XCBuildConfiguration;
			baseConfigurationReference = 3A111FCC51D8BAC9B83F5ECC /* Pods-Github BrowserUITests.release.xcconfig */;
			buildSettings = {
				ALWAYS_EMBED_SWIFT_STANDARD_LIBRARIES = YES;
				CODE_SIGN_STYLE = Automatic;
				DEVELOPMENT_TEAM = N8MAFJDDC5;
				INFOPLIST_FILE = "Github BrowserUITests/Info.plist";
				LD_RUNPATH_SEARCH_PATHS = (
					"$(inherited)",
					"@executable_path/Frameworks",
					"@loader_path/Frameworks",
				);
				PRODUCT_BUNDLE_IDENTIFIER = "com.GustavoSevero.Github-BrowserUITests";
				PRODUCT_NAME = "$(TARGET_NAME)";
				SWIFT_VERSION = 4.2;
				TARGETED_DEVICE_FAMILY = "1,2";
				TEST_TARGET_NAME = "Github Browser";
			};
			name = Release;
		};
/* End XCBuildConfiguration section */

/* Begin XCConfigurationList section */
		DDEA69BD216F7C4D004BED2A /* Build configuration list for PBXProject "Github Browser" */ = {
			isa = XCConfigurationList;
			buildConfigurations = (
				DDEA69E8216F7C4F004BED2A /* Debug */,
				DDEA69E9216F7C4F004BED2A /* Release */,
			);
			defaultConfigurationIsVisible = 0;
			defaultConfigurationName = Release;
		};
		DDEA69EA216F7C4F004BED2A /* Build configuration list for PBXNativeTarget "Github Browser" */ = {
			isa = XCConfigurationList;
			buildConfigurations = (
				DDEA69EB216F7C4F004BED2A /* Debug */,
				DDEA69EC216F7C4F004BED2A /* Release */,
			);
			defaultConfigurationIsVisible = 0;
			defaultConfigurationName = Release;
		};
		DDEA69ED216F7C4F004BED2A /* Build configuration list for PBXNativeTarget "Github BrowserTests" */ = {
			isa = XCConfigurationList;
			buildConfigurations = (
				DDEA69EE216F7C4F004BED2A /* Debug */,
				DDEA69EF216F7C4F004BED2A /* Release */,
			);
			defaultConfigurationIsVisible = 0;
			defaultConfigurationName = Release;
		};
		DDEA69F0216F7C4F004BED2A /* Build configuration list for PBXNativeTarget "Github BrowserUITests" */ = {
			isa = XCConfigurationList;
			buildConfigurations = (
				DDEA69F1216F7C4F004BED2A /* Debug */,
				DDEA69F2216F7C4F004BED2A /* Release */,
			);
			defaultConfigurationIsVisible = 0;
			defaultConfigurationName = Release;
		};
/* End XCConfigurationList section */
	};
	rootObject = DDEA69BA216F7C4D004BED2A /* Project object */;
}
